// !$*UTF8*$!
{
	archiveVersion = 1;
	classes = {
	};
	objectVersion = 56;
	objects = {

/* Begin PBXBuildFile section */
		F793910F2C494B7C005749CA /* AppDelegate.swift in Sources */ = {isa = PBXBuildFile; fileRef = F793910E2C494B7C005749CA /* AppDelegate.swift */; };
		F79391112C494B7C005749CA /* SceneDelegate.swift in Sources */ = {isa = PBXBuildFile; fileRef = F79391102C494B7C005749CA /* SceneDelegate.swift */; };
		F79391132C494B7C005749CA /* ViewController.swift in Sources */ = {isa = PBXBuildFile; fileRef = F79391122C494B7C005749CA /* ViewController.swift */; };
		F79391162C494B7C005749CA /* Base in Resources */ = {isa = PBXBuildFile; fileRef = F79391152C494B7C005749CA /* Base */; };
		F79391192C494B7C005749CA /* TravelApp.xcdatamodeld in Sources */ = {isa = PBXBuildFile; fileRef = F79391172C494B7C005749CA /* TravelApp.xcdatamodeld */; };
		F793911B2C494B80005749CA /* Assets.xcassets in Resources */ = {isa = PBXBuildFile; fileRef = F793911A2C494B80005749CA /* Assets.xcassets */; };
		F793911E2C494B80005749CA /* Base in Resources */ = {isa = PBXBuildFile; fileRef = F793911D2C494B80005749CA /* Base */; };
		F79913682C4A5A4E00F238BF /* LandmarkViewController.swift in Sources */ = {isa = PBXBuildFile; fileRef = F79913672C4A5A4E00F238BF /* LandmarkViewController.swift */; };
		F799136A2C4A5AA700F238BF /* MapViewController.swift in Sources */ = {isa = PBXBuildFile; fileRef = F79913692C4A5AA700F238BF /* MapViewController.swift */; };
		F79913782C4A811500F238BF /* TextFieldTableViewCell.swift in Sources */ = {isa = PBXBuildFile; fileRef = F79913772C4A811500F238BF /* TextFieldTableViewCell.swift */; };
		F799137A2C4AA20900F238BF /* LandmarkFieldTableViewCell.swift in Sources */ = {isa = PBXBuildFile; fileRef = F79913792C4AA20900F238BF /* LandmarkFieldTableViewCell.swift */; };
		F7A611B02C4E410100E11928 /* LandmarkInLabel.swift in Sources */ = {isa = PBXBuildFile; fileRef = F7A611AF2C4E410100E11928 /* LandmarkInLabel.swift */; };
/* End PBXBuildFile section */

/* Begin PBXFileReference section */
		F793910B2C494B7C005749CA /* TravelApp.app */ = {isa = PBXFileReference; explicitFileType = wrapper.application; includeInIndex = 0; path = TravelApp.app; sourceTree = BUILT_PRODUCTS_DIR; };
		F793910E2C494B7C005749CA /* AppDelegate.swift */ = {isa = PBXFileReference; lastKnownFileType = sourcecode.swift; path = AppDelegate.swift; sourceTree = "<group>"; };
		F79391102C494B7C005749CA /* SceneDelegate.swift */ = {isa = PBXFileReference; lastKnownFileType = sourcecode.swift; path = SceneDelegate.swift; sourceTree = "<group>"; };
		F79391122C494B7C005749CA /* ViewController.swift */ = {isa = PBXFileReference; lastKnownFileType = sourcecode.swift; path = ViewController.swift; sourceTree = "<group>"; };
		F79391152C494B7C005749CA /* Base */ = {isa = PBXFileReference; lastKnownFileType = file.storyboard; name = Base; path = Base.lproj/Main.storyboard; sourceTree = "<group>"; };
		F79391182C494B7C005749CA /* TravelApp.xcdatamodel */ = {isa = PBXFileReference; lastKnownFileType = wrapper.xcdatamodel; path = TravelApp.xcdatamodel; sourceTree = "<group>"; };
		F793911A2C494B80005749CA /* Assets.xcassets */ = {isa = PBXFileReference; lastKnownFileType = folder.assetcatalog; path = Assets.xcassets; sourceTree = "<group>"; };
		F793911D2C494B80005749CA /* Base */ = {isa = PBXFileReference; lastKnownFileType = file.storyboard; name = Base; path = Base.lproj/LaunchScreen.storyboard; sourceTree = "<group>"; };
		F793911F2C494B80005749CA /* Info.plist */ = {isa = PBXFileReference; lastKnownFileType = text.plist.xml; path = Info.plist; sourceTree = "<group>"; };
		F79913672C4A5A4E00F238BF /* LandmarkViewController.swift */ = {isa = PBXFileReference; lastKnownFileType = sourcecode.swift; path = LandmarkViewController.swift; sourceTree = "<group>"; };
		F79913692C4A5AA700F238BF /* MapViewController.swift */ = {isa = PBXFileReference; lastKnownFileType = sourcecode.swift; path = MapViewController.swift; sourceTree = "<group>"; };
		F79913772C4A811500F238BF /* TextFieldTableViewCell.swift */ = {isa = PBXFileReference; lastKnownFileType = sourcecode.swift; path = TextFieldTableViewCell.swift; sourceTree = "<group>"; };
		F79913792C4AA20900F238BF /* LandmarkFieldTableViewCell.swift */ = {isa = PBXFileReference; lastKnownFileType = sourcecode.swift; path = LandmarkFieldTableViewCell.swift; sourceTree = "<group>"; };
		F7A611AF2C4E410100E11928 /* LandmarkInLabel.swift */ = {isa = PBXFileReference; lastKnownFileType = sourcecode.swift; path = LandmarkInLabel.swift; sourceTree = "<group>"; };
/* End PBXFileReference section */

/* Begin PBXFrameworksBuildPhase section */
		F79391082C494B7C005749CA /* Frameworks */ = {
			isa = PBXFrameworksBuildPhase;
			buildActionMask = 2147483647;
			files = (
			);
			runOnlyForDeploymentPostprocessing = 0;
		};
/* End PBXFrameworksBuildPhase section */

/* Begin PBXGroup section */
		F79391022C494B7B005749CA = {
			isa = PBXGroup;
			children = (
				F793910D2C494B7C005749CA /* TravelApp */,
				F793910C2C494B7C005749CA /* Products */,
			);
			sourceTree = "<group>";
		};
		F793910C2C494B7C005749CA /* Products */ = {
			isa = PBXGroup;
			children = (
				F793910B2C494B7C005749CA /* TravelApp.app */,
			);
			name = Products;
			sourceTree = "<group>";
		};
		F793910D2C494B7C005749CA /* TravelApp */ = {
			isa = PBXGroup;
			children = (
				F793910E2C494B7C005749CA /* AppDelegate.swift */,
				F79391102C494B7C005749CA /* SceneDelegate.swift */,
				F79391142C494B7C005749CA /* Main.storyboard */,
				F793911A2C494B80005749CA /* Assets.xcassets */,
				F793911C2C494B80005749CA /* LaunchScreen.storyboard */,
				F793911F2C494B80005749CA /* Info.plist */,
				F79391172C494B7C005749CA /* TravelApp.xcdatamodeld */,
				F79391122C494B7C005749CA /* ViewController.swift */,
				F79913672C4A5A4E00F238BF /* LandmarkViewController.swift */,
				F79913692C4A5AA700F238BF /* MapViewController.swift */,
				F79913772C4A811500F238BF /* TextFieldTableViewCell.swift */,
				F79913792C4AA20900F238BF /* LandmarkFieldTableViewCell.swift */,
				F7A611AF2C4E410100E11928 /* LandmarkInLabel.swift */,
			);
			path = TravelApp;
			sourceTree = "<group>";
		};
/* End PBXGroup section */

/* Begin PBXNativeTarget section */
		F793910A2C494B7C005749CA /* TravelApp */ = {
			isa = PBXNativeTarget;
			buildConfigurationList = F79391222C494B80005749CA /* Build configuration list for PBXNativeTarget "TravelApp" */;
			buildPhases = (
				F79391072C494B7C005749CA /* Sources */,
				F79391082C494B7C005749CA /* Frameworks */,
				F79391092C494B7C005749CA /* Resources */,
			);
			buildRules = (
			);
			dependencies = (
			);
			name = TravelApp;
			productName = TravelApp;
			productReference = F793910B2C494B7C005749CA /* TravelApp.app */;
			productType = "com.apple.product-type.application";
		};
/* End PBXNativeTarget section */

/* Begin PBXProject section */
		F79391032C494B7B005749CA /* Project object */ = {
			isa = PBXProject;
			attributes = {
				BuildIndependentTargetsInParallel = 1;
				LastSwiftUpdateCheck = 1540;
				LastUpgradeCheck = 1540;
				TargetAttributes = {
					F793910A2C494B7C005749CA = {
						CreatedOnToolsVersion = 15.4;
					};
				};
			};
			buildConfigurationList = F79391062C494B7B005749CA /* Build configuration list for PBXProject "TravelApp" */;
			compatibilityVersion = "Xcode 14.0";
			developmentRegion = en;
			hasScannedForEncodings = 0;
			knownRegions = (
				en,
				Base,
			);
			mainGroup = F79391022C494B7B005749CA;
			productRefGroup = F793910C2C494B7C005749CA /* Products */;
			projectDirPath = "";
			projectRoot = "";
			targets = (
				F793910A2C494B7C005749CA /* TravelApp */,
			);
		};
/* End PBXProject section */

/* Begin PBXResourcesBuildPhase section */
		F79391092C494B7C005749CA /* Resources */ = {
			isa = PBXResourcesBuildPhase;
			buildActionMask = 2147483647;
			files = (
				F793911B2C494B80005749CA /* Assets.xcassets in Resources */,
				F793911E2C494B80005749CA /* Base in Resources */,
				F79391162C494B7C005749CA /* Base in Resources */,
			);
			runOnlyForDeploymentPostprocessing = 0;
		};
/* End PBXResourcesBuildPhase section */

/* Begin PBXSourcesBuildPhase section */
		F79391072C494B7C005749CA /* Sources */ = {
			isa = PBXSourcesBuildPhase;
			buildActionMask = 2147483647;
			files = (
				F799137A2C4AA20900F238BF /* LandmarkFieldTableViewCell.swift in Sources */,
				F79391132C494B7C005749CA /* ViewController.swift in Sources */,
				F79391192C494B7C005749CA /* TravelApp.xcdatamodeld in Sources */,
				F79913782C4A811500F238BF /* TextFieldTableViewCell.swift in Sources */,
				F793910F2C494B7C005749CA /* AppDelegate.swift in Sources */,
				F799136A2C4A5AA700F238BF /* MapViewController.swift in Sources */,
				F79391112C494B7C005749CA /* SceneDelegate.swift in Sources */,
				F7A611B02C4E410100E11928 /* LandmarkInLabel.swift in Sources */,
				F79913682C4A5A4E00F238BF /* LandmarkViewController.swift in Sources */,
			);
			runOnlyForDeploymentPostprocessing = 0;
		};
/* End PBXSourcesBuildPhase section */

/* Begin PBXVariantGroup section */
		F79391142C494B7C005749CA /* Main.storyboard */ = {
			isa = PBXVariantGroup;
			children = (
				F79391152C494B7C005749CA /* Base */,
			);
			name = Main.storyboard;
			sourceTree = "<group>";
		};
		F793911C2C494B80005749CA /* LaunchScreen.storyboard */ = {
			isa = PBXVariantGroup;
			children = (
				F793911D2C494B80005749CA /* Base */,
			);
			name = LaunchScreen.storyboard;
			sourceTree = "<group>";
		};
/* End PBXVariantGroup section */

/* Begin XCBuildConfiguration section */
		F79391202C494B80005749CA /* Debug */ = {
			isa = XCBuildConfiguration;
			buildSettings = {
				ALWAYS_SEARCH_USER_PATHS = NO;
				ASSETCATALOG_COMPILER_GENERATE_SWIFT_ASSET_SYMBOL_EXTENSIONS = YES;
				CLANG_ANALYZER_NONNULL = YES;
				CLANG_ANALYZER_NUMBER_OBJECT_CONVERSION = YES_AGGRESSIVE;
				CLANG_CXX_LANGUAGE_STANDARD = "gnu++20";
				CLANG_ENABLE_MODULES = YES;
				CLANG_ENABLE_OBJC_ARC = YES;
				CLANG_ENABLE_OBJC_WEAK = YES;
				CLANG_WARN_BLOCK_CAPTURE_AUTORELEASING = YES;
				CLANG_WARN_BOOL_CONVERSION = YES;
				CLANG_WARN_COMMA = YES;
				CLANG_WARN_CONSTANT_CONVERSION = YES;
				CLANG_WARN_DEPRECATED_OBJC_IMPLEMENTATIONS = YES;
				CLANG_WARN_DIRECT_OBJC_ISA_USAGE = YES_ERROR;
				CLANG_WARN_DOCUMENTATION_COMMENTS = YES;
				CLANG_WARN_EMPTY_BODY = YES;
				CLANG_WARN_ENUM_CONVERSION = YES;
				CLANG_WARN_INFINITE_RECURSION = YES;
				CLANG_WARN_INT_CONVERSION = YES;
				CLANG_WARN_NON_LITERAL_NULL_CONVERSION = YES;
				CLANG_WARN_OBJC_IMPLICIT_RETAIN_SELF = YES;
				CLANG_WARN_OBJC_LITERAL_CONVERSION = YES;
				CLANG_WARN_OBJC_ROOT_CLASS = YES_ERROR;
				CLANG_WARN_QUOTED_INCLUDE_IN_FRAMEWORK_HEADER = YES;
				CLANG_WARN_RANGE_LOOP_ANALYSIS = YES;
				CLANG_WARN_STRICT_PROTOTYPES = YES;
				CLANG_WARN_SUSPICIOUS_MOVE = YES;
				CLANG_WARN_UNGUARDED_AVAILABILITY = YES_AGGRESSIVE;
				CLANG_WARN_UNREACHABLE_CODE = YES;
				CLANG_WARN__DUPLICATE_METHOD_MATCH = YES;
				COPY_PHASE_STRIP = NO;
				DEBUG_INFORMATION_FORMAT = dwarf;
				ENABLE_STRICT_OBJC_MSGSEND = YES;
				ENABLE_TESTABILITY = YES;
				ENABLE_USER_SCRIPT_SANDBOXING = YES;
				GCC_C_LANGUAGE_STANDARD = gnu17;
				GCC_DYNAMIC_NO_PIC = NO;
				GCC_NO_COMMON_BLOCKS = YES;
				GCC_OPTIMIZATION_LEVEL = 0;
				GCC_PREPROCESSOR_DEFINITIONS = (
					"DEBUG=1",
					"$(inherited)",
				);
				GCC_WARN_64_TO_32_BIT_CONVERSION = YES;
				GCC_WARN_ABOUT_RETURN_TYPE = YES_ERROR;
				GCC_WARN_UNDECLARED_SELECTOR = YES;
				GCC_WARN_UNINITIALIZED_AUTOS = YES_AGGRESSIVE;
				GCC_WARN_UNUSED_FUNCTION = YES;
				GCC_WARN_UNUSED_VARIABLE = YES;
				IPHONEOS_DEPLOYMENT_TARGET = 17.5;
				LOCALIZATION_PREFERS_STRING_CATALOGS = YES;
				MTL_ENABLE_DEBUG_INFO = INCLUDE_SOURCE;
				MTL_FAST_MATH = YES;
				ONLY_ACTIVE_ARCH = YES;
				SDKROOT = iphoneos;
				SWIFT_ACTIVE_COMPILATION_CONDITIONS = "DEBUG $(inherited)";
				SWIFT_OPTIMIZATION_LEVEL = "-Onone";
			};
			name = Debug;
		};
		F79391212C494B80005749CA /* Release */ = {
			isa = XCBuildConfiguration;
			buildSettings = {
				ALWAYS_SEARCH_USER_PATHS = NO;
				ASSETCATALOG_COMPILER_GENERATE_SWIFT_ASSET_SYMBOL_EXTENSIONS = YES;
				CLANG_ANALYZER_NONNULL = YES;
				CLANG_ANALYZER_NUMBER_OBJECT_CONVERSION = YES_AGGRESSIVE;
				CLANG_CXX_LANGUAGE_STANDARD = "gnu++20";
				CLANG_ENABLE_MODULES = YES;
				CLANG_ENABLE_OBJC_ARC = YES;
				CLANG_ENABLE_OBJC_WEAK = YES;
				CLANG_WARN_BLOCK_CAPTURE_AUTORELEASING = YES;
				CLANG_WARN_BOOL_CONVERSION = YES;
				CLANG_WARN_COMMA = YES;
				CLANG_WARN_CONSTANT_CONVERSION = YES;
				CLANG_WARN_DEPRECATED_OBJC_IMPLEMENTATIONS = YES;
				CLANG_WARN_DIRECT_OBJC_ISA_USAGE = YES_ERROR;
				CLANG_WARN_DOCUMENTATION_COMMENTS = YES;
				CLANG_WARN_EMPTY_BODY = YES;
				CLANG_WARN_ENUM_CONVERSION = YES;
				CLANG_WARN_INFINITE_RECURSION = YES;
				CLANG_WARN_INT_CONVERSION = YES;
				CLANG_WARN_NON_LITERAL_NULL_CONVERSION = YES;
				CLANG_WARN_OBJC_IMPLICIT_RETAIN_SELF = YES;
				CLANG_WARN_OBJC_LITERAL_CONVERSION = YES;
				CLANG_WARN_OBJC_ROOT_CLASS = YES_ERROR;
				CLANG_WARN_QUOTED_INCLUDE_IN_FRAMEWORK_HEADER = YES;
				CLANG_WARN_RANGE_LOOP_ANALYSIS = YES;
				CLANG_WARN_STRICT_PROTOTYPES = YES;
				CLANG_WARN_SUSPICIOUS_MOVE = YES;
				CLANG_WARN_UNGUARDED_AVAILABILITY = YES_AGGRESSIVE;
				CLANG_WARN_UNREACHABLE_CODE = YES;
				CLANG_WARN__DUPLICATE_METHOD_MATCH = YES;
				COPY_PHASE_STRIP = NO;
				DEBUG_INFORMATION_FORMAT = "dwarf-with-dsym";
				ENABLE_NS_ASSERTIONS = NO;
				ENABLE_STRICT_OBJC_MSGSEND = YES;
				ENABLE_USER_SCRIPT_SANDBOXING = YES;
				GCC_C_LANGUAGE_STANDARD = gnu17;
				GCC_NO_COMMON_BLOCKS = YES;
				GCC_WARN_64_TO_32_BIT_CONVERSION = YES;
				GCC_WARN_ABOUT_RETURN_TYPE = YES_ERROR;
				GCC_WARN_UNDECLARED_SELECTOR = YES;
				GCC_WARN_UNINITIALIZED_AUTOS = YES_AGGRESSIVE;
				GCC_WARN_UNUSED_FUNCTION = YES;
				GCC_WARN_UNUSED_VARIABLE = YES;
				IPHONEOS_DEPLOYMENT_TARGET = 17.5;
				LOCALIZATION_PREFERS_STRING_CATALOGS = YES;
				MTL_ENABLE_DEBUG_INFO = NO;
				MTL_FAST_MATH = YES;
				SDKROOT = iphoneos;
				SWIFT_COMPILATION_MODE = wholemodule;
				VALIDATE_PRODUCT = YES;
			};
			name = Release;
		};
		F79391232C494B80005749CA /* Debug */ = {
			isa = XCBuildConfiguration;
			buildSettings = {
				ASSETCATALOG_COMPILER_APPICON_NAME = AppIcon;
				ASSETCATALOG_COMPILER_GLOBAL_ACCENT_COLOR_NAME = AccentColor;
				CODE_SIGN_STYLE = Automatic;
				CURRENT_PROJECT_VERSION = 1;
				GENERATE_INFOPLIST_FILE = YES;
				INFOPLIST_FILE = TravelApp/Info.plist;
				INFOPLIST_KEY_UIApplicationSupportsIndirectInputEvents = YES;
				INFOPLIST_KEY_UILaunchStoryboardName = LaunchScreen;
				INFOPLIST_KEY_UIMainStoryboardFile = Main;
				INFOPLIST_KEY_UISupportedInterfaceOrientations_iPad = "UIInterfaceOrientationPortrait UIInterfaceOrientationPortraitUpsideDown UIInterfaceOrientationLandscapeLeft UIInterfaceOrientationLandscapeRight";
				INFOPLIST_KEY_UISupportedInterfaceOrientations_iPhone = "UIInterfaceOrientationPortrait UIInterfaceOrientationLandscapeLeft UIInterfaceOrientationLandscapeRight";
				LD_RUNPATH_SEARCH_PATHS = (
					"$(inherited)",
					"@executable_path/Frameworks",
				);
				MARKETING_VERSION = 1.0;
				PRODUCT_BUNDLE_IDENTIFIER = test.TravelApp;
				PRODUCT_NAME = "$(TARGET_NAME)";
				SWIFT_EMIT_LOC_STRINGS = YES;
				SWIFT_VERSION = 5.0;
				TARGETED_DEVICE_FAMILY = "1,2";
			};
			name = Debug;
		};
		F79391242C494B80005749CA /* Release */ = {
			isa = XCBuildConfiguration;
			buildSettings = {
				ASSETCATALOG_COMPILER_APPICON_NAME = AppIcon;
				ASSETCATALOG_COMPILER_GLOBAL_ACCENT_COLOR_NAME = AccentColor;
				CODE_SIGN_STYLE = Automatic;
				CURRENT_PROJECT_VERSION = 1;
				GENERATE_INFOPLIST_FILE = YES;
				INFOPLIST_FILE = TravelApp/Info.plist;
				INFOPLIST_KEY_UIApplicationSupportsIndirectInputEvents = YES;
				INFOPLIST_KEY_UILaunchStoryboardName = LaunchScreen;
				INFOPLIST_KEY_UIMainStoryboardFile = Main;
				INFOPLIST_KEY_UISupportedInterfaceOrientations_iPad = "UIInterfaceOrientationPortrait UIInterfaceOrientationPortraitUpsideDown UIInterfaceOrientationLandscapeLeft UIInterfaceOrientationLandscapeRight";
				INFOPLIST_KEY_UISupportedInterfaceOrientations_iPhone = "UIInterfaceOrientationPortrait UIInterfaceOrientationLandscapeLeft UIInterfaceOrientationLandscapeRight";
				LD_RUNPATH_SEARCH_PATHS = (
					"$(inherited)",
					"@executable_path/Frameworks",
				);
				MARKETING_VERSION = 1.0;
				PRODUCT_BUNDLE_IDENTIFIER = test.TravelApp;
				PRODUCT_NAME = "$(TARGET_NAME)";
				SWIFT_EMIT_LOC_STRINGS = YES;
				SWIFT_VERSION = 5.0;
				TARGETED_DEVICE_FAMILY = "1,2";
			};
			name = Release;
		};
/* End XCBuildConfiguration section */

/* Begin XCConfigurationList section */
		F79391062C494B7B005749CA /* Build configuration list for PBXProject "TravelApp" */ = {
			isa = XCConfigurationList;
			buildConfigurations = (
				F79391202C494B80005749CA /* Debug */,
				F79391212C494B80005749CA /* Release */,
			);
			defaultConfigurationIsVisible = 0;
			defaultConfigurationName = Release;
		};
		F79391222C494B80005749CA /* Build configuration list for PBXNativeTarget "TravelApp" */ = {
			isa = XCConfigurationList;
			buildConfigurations = (
				F79391232C494B80005749CA /* Debug */,
				F79391242C494B80005749CA /* Release */,
			);
			defaultConfigurationIsVisible = 0;
			defaultConfigurationName = Release;
		};
/* End XCConfigurationList section */

/* Begin XCVersionGroup section */
		F79391172C494B7C005749CA /* TravelApp.xcdatamodeld */ = {
			isa = XCVersionGroup;
			children = (
				F79391182C494B7C005749CA /* TravelApp.xcdatamodel */,
			);
			currentVersion = F79391182C494B7C005749CA /* TravelApp.xcdatamodel */;
			path = TravelApp.xcdatamodeld;
			sourceTree = "<group>";
			versionGroupType = wrapper.xcdatamodel;
		};
/* End XCVersionGroup section */
	};
	rootObject = F79391032C494B7B005749CA /* Project object */;
}
