// !$*UTF8*$!
{
	archiveVersion = 1;
	classes = {
	};
	objectVersion = 56;
	objects = {

/* Begin PBXBuildFile section */
		F78F55C22C53B9E100D31AA3 /* DetailsViewController.swift in Sources */ = {isa = PBXBuildFile; fileRef = F78F55C12C53B9E100D31AA3 /* DetailsViewController.swift */; };
		F78F55C62C53C24000D31AA3 /* ArticleTableViewCell.swift in Sources */ = {isa = PBXBuildFile; fileRef = F78F55C52C53C24000D31AA3 /* ArticleTableViewCell.swift */; };
		F78F55C82C53CF4000D31AA3 /* PageTableViewCell.swift in Sources */ = {isa = PBXBuildFile; fileRef = F78F55C72C53CF4000D31AA3 /* PageTableViewCell.swift */; };
		F794F1632C5211E900485CBB /* AppDelegate.swift in Sources */ = {isa = PBXBuildFile; fileRef = F794F1622C5211E900485CBB /* AppDelegate.swift */; };
		F794F1652C5211E900485CBB /* SceneDelegate.swift in Sources */ = {isa = PBXBuildFile; fileRef = F794F1642C5211E900485CBB /* SceneDelegate.swift */; };
		F794F16A2C5211E900485CBB /* Base in Resources */ = {isa = PBXBuildFile; fileRef = F794F1692C5211E900485CBB /* Base */; };
		F794F16D2C5211E900485CBB /* NewsApp.xcdatamodeld in Sources */ = {isa = PBXBuildFile; fileRef = F794F16B2C5211E900485CBB /* NewsApp.xcdatamodeld */; };
		F794F16F2C5211EC00485CBB /* Assets.xcassets in Resources */ = {isa = PBXBuildFile; fileRef = F794F16E2C5211EC00485CBB /* Assets.xcassets */; };
		F794F1722C5211EC00485CBB /* Base in Resources */ = {isa = PBXBuildFile; fileRef = F794F1712C5211EC00485CBB /* Base */; };
		F794F17A2C5214E800485CBB /* NewsTopicsViewController.swift in Sources */ = {isa = PBXBuildFile; fileRef = F794F1792C5214E800485CBB /* NewsTopicsViewController.swift */; };
		F794F17C2C5215AD00485CBB /* ArticlesViewController.swift in Sources */ = {isa = PBXBuildFile; fileRef = F794F17B2C5215AD00485CBB /* ArticlesViewController.swift */; };
		F794F1822C52182500485CBB /* Models.swift in Sources */ = {isa = PBXBuildFile; fileRef = F794F1812C52182500485CBB /* Models.swift */; };
/* End PBXBuildFile section */

/* Begin PBXFileReference section */
		F78F55C12C53B9E100D31AA3 /* DetailsViewController.swift */ = {isa = PBXFileReference; lastKnownFileType = sourcecode.swift; path = DetailsViewController.swift; sourceTree = "<group>"; };
		F78F55C52C53C24000D31AA3 /* ArticleTableViewCell.swift */ = {isa = PBXFileReference; fileEncoding = 4; lastKnownFileType = sourcecode.swift; name = ArticleTableViewCell.swift; path = ../../../../.Trash/ArticleTableViewCell.swift; sourceTree = "<group>"; };
		F78F55C72C53CF4000D31AA3 /* PageTableViewCell.swift */ = {isa = PBXFileReference; lastKnownFileType = sourcecode.swift; path = PageTableViewCell.swift; sourceTree = "<group>"; };
		F794F15F2C5211E900485CBB /* NewsApp.app */ = {isa = PBXFileReference; explicitFileType = wrapper.application; includeInIndex = 0; path = NewsApp.app; sourceTree = BUILT_PRODUCTS_DIR; };
		F794F1622C5211E900485CBB /* AppDelegate.swift */ = {isa = PBXFileReference; lastKnownFileType = sourcecode.swift; path = AppDelegate.swift; sourceTree = "<group>"; };
		F794F1642C5211E900485CBB /* SceneDelegate.swift */ = {isa = PBXFileReference; lastKnownFileType = sourcecode.swift; path = SceneDelegate.swift; sourceTree = "<group>"; };
		F794F1692C5211E900485CBB /* Base */ = {isa = PBXFileReference; lastKnownFileType = file.storyboard; name = Base; path = Base.lproj/Main.storyboard; sourceTree = "<group>"; };
		F794F16C2C5211E900485CBB /* NewsApp.xcdatamodel */ = {isa = PBXFileReference; lastKnownFileType = wrapper.xcdatamodel; path = NewsApp.xcdatamodel; sourceTree = "<group>"; };
		F794F16E2C5211EC00485CBB /* Assets.xcassets */ = {isa = PBXFileReference; lastKnownFileType = folder.assetcatalog; path = Assets.xcassets; sourceTree = "<group>"; };
		F794F1712C5211EC00485CBB /* Base */ = {isa = PBXFileReference; lastKnownFileType = file.storyboard; name = Base; path = Base.lproj/LaunchScreen.storyboard; sourceTree = "<group>"; };
		F794F1732C5211EC00485CBB /* Info.plist */ = {isa = PBXFileReference; lastKnownFileType = text.plist.xml; path = Info.plist; sourceTree = "<group>"; };
		F794F1792C5214E800485CBB /* NewsTopicsViewController.swift */ = {isa = PBXFileReference; lastKnownFileType = sourcecode.swift; path = NewsTopicsViewController.swift; sourceTree = "<group>"; };
		F794F17B2C5215AD00485CBB /* ArticlesViewController.swift */ = {isa = PBXFileReference; lastKnownFileType = sourcecode.swift; path = ArticlesViewController.swift; sourceTree = "<group>"; };
		F794F1812C52182500485CBB /* Models.swift */ = {isa = PBXFileReference; lastKnownFileType = sourcecode.swift; path = Models.swift; sourceTree = "<group>"; };
/* End PBXFileReference section */

/* Begin PBXFrameworksBuildPhase section */
		F794F15C2C5211E900485CBB /* Frameworks */ = {
			isa = PBXFrameworksBuildPhase;
			buildActionMask = 2147483647;
			files = (
			);
			runOnlyForDeploymentPostprocessing = 0;
		};
/* End PBXFrameworksBuildPhase section */

/* Begin PBXGroup section */
		F794F1562C5211E900485CBB = {
			isa = PBXGroup;
			children = (
				F794F1612C5211E900485CBB /* NewsApp */,
				F794F1602C5211E900485CBB /* Products */,
			);
			sourceTree = "<group>";
		};
		F794F1602C5211E900485CBB /* Products */ = {
			isa = PBXGroup;
			children = (
				F794F15F2C5211E900485CBB /* NewsApp.app */,
			);
			name = Products;
			sourceTree = "<group>";
		};
		F794F1612C5211E900485CBB /* NewsApp */ = {
			isa = PBXGroup;
			children = (
				F794F1622C5211E900485CBB /* AppDelegate.swift */,
				F794F1642C5211E900485CBB /* SceneDelegate.swift */,
				F794F1682C5211E900485CBB /* Main.storyboard */,
				F794F16E2C5211EC00485CBB /* Assets.xcassets */,
				F794F1702C5211EC00485CBB /* LaunchScreen.storyboard */,
				F794F1732C5211EC00485CBB /* Info.plist */,
				F794F16B2C5211E900485CBB /* NewsApp.xcdatamodeld */,
				F794F1792C5214E800485CBB /* NewsTopicsViewController.swift */,
				F794F17B2C5215AD00485CBB /* ArticlesViewController.swift */,
				F794F1812C52182500485CBB /* Models.swift */,
				F78F55C12C53B9E100D31AA3 /* DetailsViewController.swift */,
				F78F55C52C53C24000D31AA3 /* ArticleTableViewCell.swift */,
				F78F55C72C53CF4000D31AA3 /* PageTableViewCell.swift */,
			);
			path = NewsApp;
			sourceTree = "<group>";
		};
/* End PBXGroup section */

/* Begin PBXNativeTarget section */
		F794F15E2C5211E900485CBB /* NewsApp */ = {
			isa = PBXNativeTarget;
			buildConfigurationList = F794F1762C5211EC00485CBB /* Build configuration list for PBXNativeTarget "NewsApp" */;
			buildPhases = (
				F794F15B2C5211E900485CBB /* Sources */,
				F794F15C2C5211E900485CBB /* Frameworks */,
				F794F15D2C5211E900485CBB /* Resources */,
			);
			buildRules = (
			);
			dependencies = (
			);
			name = NewsApp;
			productName = NewsApp;
			productReference = F794F15F2C5211E900485CBB /* NewsApp.app */;
			productType = "com.apple.product-type.application";
		};
/* End PBXNativeTarget section */

/* Begin PBXProject section */
		F794F1572C5211E900485CBB /* Project object */ = {
			isa = PBXProject;
			attributes = {
				BuildIndependentTargetsInParallel = 1;
				LastSwiftUpdateCheck = 1540;
				LastUpgradeCheck = 1540;
				TargetAttributes = {
					F794F15E2C5211E900485CBB = {
						CreatedOnToolsVersion = 15.4;
					};
				};
			};
			buildConfigurationList = F794F15A2C5211E900485CBB /* Build configuration list for PBXProject "NewsApp" */;
			compatibilityVersion = "Xcode 14.0";
			developmentRegion = en;
			hasScannedForEncodings = 0;
			knownRegions = (
				en,
				Base,
			);
			mainGroup = F794F1562C5211E900485CBB;
			productRefGroup = F794F1602C5211E900485CBB /* Products */;
			projectDirPath = "";
			projectRoot = "";
			targets = (
				F794F15E2C5211E900485CBB /* NewsApp */,
			);
		};
/* End PBXProject section */

/* Begin PBXResourcesBuildPhase section */
		F794F15D2C5211E900485CBB /* Resources */ = {
			isa = PBXResourcesBuildPhase;
			buildActionMask = 2147483647;
			files = (
				F794F16F2C5211EC00485CBB /* Assets.xcassets in Resources */,
				F794F1722C5211EC00485CBB /* Base in Resources */,
				F794F16A2C5211E900485CBB /* Base in Resources */,
			);
			runOnlyForDeploymentPostprocessing = 0;
		};
/* End PBXResourcesBuildPhase section */

/* Begin PBXSourcesBuildPhase section */
		F794F15B2C5211E900485CBB /* Sources */ = {
			isa = PBXSourcesBuildPhase;
			buildActionMask = 2147483647;
			files = (
				F794F17A2C5214E800485CBB /* NewsTopicsViewController.swift in Sources */,
				F78F55C62C53C24000D31AA3 /* ArticleTableViewCell.swift in Sources */,
				F794F1632C5211E900485CBB /* AppDelegate.swift in Sources */,
				F794F1822C52182500485CBB /* Models.swift in Sources */,
				F78F55C82C53CF4000D31AA3 /* PageTableViewCell.swift in Sources */,
				F794F17C2C5215AD00485CBB /* ArticlesViewController.swift in Sources */,
				F794F16D2C5211E900485CBB /* NewsApp.xcdatamodeld in Sources */,
				F78F55C22C53B9E100D31AA3 /* DetailsViewController.swift in Sources */,
				F794F1652C5211E900485CBB /* SceneDelegate.swift in Sources */,
			);
			runOnlyForDeploymentPostprocessing = 0;
		};
/* End PBXSourcesBuildPhase section */

/* Begin PBXVariantGroup section */
		F794F1682C5211E900485CBB /* Main.storyboard */ = {
			isa = PBXVariantGroup;
			children = (
				F794F1692C5211E900485CBB /* Base */,
			);
			name = Main.storyboard;
			sourceTree = "<group>";
		};
		F794F1702C5211EC00485CBB /* LaunchScreen.storyboard */ = {
			isa = PBXVariantGroup;
			children = (
				F794F1712C5211EC00485CBB /* Base */,
			);
			name = LaunchScreen.storyboard;
			sourceTree = "<group>";
		};
/* End PBXVariantGroup section */

/* Begin XCBuildConfiguration section */
		F794F1742C5211EC00485CBB /* Debug */ = {
			isa = XCBuildConfiguration;
			buildSettings = {
				ALWAYS_SEARCH_USER_PATHS = NO;
				ASSETCATALOG_COMPILER_GENERATE_SWIFT_ASSET_SYMBOL_EXTENSIONS = YES;
				CLANG_ANALYZER_NONNULL = YES;
				CLANG_ANALYZER_NUMBER_OBJECT_CONVERSION = YES_AGGRESSIVE;
				CLANG_CXX_LANGUAGE_STANDARD = "gnu++20";
				CLANG_ENABLE_MODULES = YES;
				CLANG_ENABLE_OBJC_ARC = YES;
				CLANG_ENABLE_OBJC_WEAK = YES;
				CLANG_WARN_BLOCK_CAPTURE_AUTORELEASING = YES;
				CLANG_WARN_BOOL_CONVERSION = YES;
				CLANG_WARN_COMMA = YES;
				CLANG_WARN_CONSTANT_CONVERSION = YES;
				CLANG_WARN_DEPRECATED_OBJC_IMPLEMENTATIONS = YES;
				CLANG_WARN_DIRECT_OBJC_ISA_USAGE = YES_ERROR;
				CLANG_WARN_DOCUMENTATION_COMMENTS = YES;
				CLANG_WARN_EMPTY_BODY = YES;
				CLANG_WARN_ENUM_CONVERSION = YES;
				CLANG_WARN_INFINITE_RECURSION = YES;
				CLANG_WARN_INT_CONVERSION = YES;
				CLANG_WARN_NON_LITERAL_NULL_CONVERSION = YES;
				CLANG_WARN_OBJC_IMPLICIT_RETAIN_SELF = YES;
				CLANG_WARN_OBJC_LITERAL_CONVERSION = YES;
				CLANG_WARN_OBJC_ROOT_CLASS = YES_ERROR;
				CLANG_WARN_QUOTED_INCLUDE_IN_FRAMEWORK_HEADER = YES;
				CLANG_WARN_RANGE_LOOP_ANALYSIS = YES;
				CLANG_WARN_STRICT_PROTOTYPES = YES;
				CLANG_WARN_SUSPICIOUS_MOVE = YES;
				CLANG_WARN_UNGUARDED_AVAILABILITY = YES_AGGRESSIVE;
				CLANG_WARN_UNREACHABLE_CODE = YES;
				CLANG_WARN__DUPLICATE_METHOD_MATCH = YES;
				COPY_PHASE_STRIP = NO;
				DEBUG_INFORMATION_FORMAT = dwarf;
				ENABLE_STRICT_OBJC_MSGSEND = YES;
				ENABLE_TESTABILITY = YES;
				ENABLE_USER_SCRIPT_SANDBOXING = YES;
				GCC_C_LANGUAGE_STANDARD = gnu17;
				GCC_DYNAMIC_NO_PIC = NO;
				GCC_NO_COMMON_BLOCKS = YES;
				GCC_OPTIMIZATION_LEVEL = 0;
				GCC_PREPROCESSOR_DEFINITIONS = (
					"DEBUG=1",
					"$(inherited)",
				);
				GCC_WARN_64_TO_32_BIT_CONVERSION = YES;
				GCC_WARN_ABOUT_RETURN_TYPE = YES_ERROR;
				GCC_WARN_UNDECLARED_SELECTOR = YES;
				GCC_WARN_UNINITIALIZED_AUTOS = YES_AGGRESSIVE;
				GCC_WARN_UNUSED_FUNCTION = YES;
				GCC_WARN_UNUSED_VARIABLE = YES;
				IPHONEOS_DEPLOYMENT_TARGET = 17.5;
				LOCALIZATION_PREFERS_STRING_CATALOGS = YES;
				MTL_ENABLE_DEBUG_INFO = INCLUDE_SOURCE;
				MTL_FAST_MATH = YES;
				ONLY_ACTIVE_ARCH = YES;
				SDKROOT = iphoneos;
				SWIFT_ACTIVE_COMPILATION_CONDITIONS = "DEBUG $(inherited)";
				SWIFT_OPTIMIZATION_LEVEL = "-Onone";
			};
			name = Debug;
		};
		F794F1752C5211EC00485CBB /* Release */ = {
			isa = XCBuildConfiguration;
			buildSettings = {
				ALWAYS_SEARCH_USER_PATHS = NO;
				ASSETCATALOG_COMPILER_GENERATE_SWIFT_ASSET_SYMBOL_EXTENSIONS = YES;
				CLANG_ANALYZER_NONNULL = YES;
				CLANG_ANALYZER_NUMBER_OBJECT_CONVERSION = YES_AGGRESSIVE;
				CLANG_CXX_LANGUAGE_STANDARD = "gnu++20";
				CLANG_ENABLE_MODULES = YES;
				CLANG_ENABLE_OBJC_ARC = YES;
				CLANG_ENABLE_OBJC_WEAK = YES;
				CLANG_WARN_BLOCK_CAPTURE_AUTORELEASING = YES;
				CLANG_WARN_BOOL_CONVERSION = YES;
				CLANG_WARN_COMMA = YES;
				CLANG_WARN_CONSTANT_CONVERSION = YES;
				CLANG_WARN_DEPRECATED_OBJC_IMPLEMENTATIONS = YES;
				CLANG_WARN_DIRECT_OBJC_ISA_USAGE = YES_ERROR;
				CLANG_WARN_DOCUMENTATION_COMMENTS = YES;
				CLANG_WARN_EMPTY_BODY = YES;
				CLANG_WARN_ENUM_CONVERSION = YES;
				CLANG_WARN_INFINITE_RECURSION = YES;
				CLANG_WARN_INT_CONVERSION = YES;
				CLANG_WARN_NON_LITERAL_NULL_CONVERSION = YES;
				CLANG_WARN_OBJC_IMPLICIT_RETAIN_SELF = YES;
				CLANG_WARN_OBJC_LITERAL_CONVERSION = YES;
				CLANG_WARN_OBJC_ROOT_CLASS = YES_ERROR;
				CLANG_WARN_QUOTED_INCLUDE_IN_FRAMEWORK_HEADER = YES;
				CLANG_WARN_RANGE_LOOP_ANALYSIS = YES;
				CLANG_WARN_STRICT_PROTOTYPES = YES;
				CLANG_WARN_SUSPICIOUS_MOVE = YES;
				CLANG_WARN_UNGUARDED_AVAILABILITY = YES_AGGRESSIVE;
				CLANG_WARN_UNREACHABLE_CODE = YES;
				CLANG_WARN__DUPLICATE_METHOD_MATCH = YES;
				COPY_PHASE_STRIP = NO;
				DEBUG_INFORMATION_FORMAT = "dwarf-with-dsym";
				ENABLE_NS_ASSERTIONS = NO;
				ENABLE_STRICT_OBJC_MSGSEND = YES;
				ENABLE_USER_SCRIPT_SANDBOXING = YES;
				GCC_C_LANGUAGE_STANDARD = gnu17;
				GCC_NO_COMMON_BLOCKS = YES;
				GCC_WARN_64_TO_32_BIT_CONVERSION = YES;
				GCC_WARN_ABOUT_RETURN_TYPE = YES_ERROR;
				GCC_WARN_UNDECLARED_SELECTOR = YES;
				GCC_WARN_UNINITIALIZED_AUTOS = YES_AGGRESSIVE;
				GCC_WARN_UNUSED_FUNCTION = YES;
				GCC_WARN_UNUSED_VARIABLE = YES;
				IPHONEOS_DEPLOYMENT_TARGET = 17.5;
				LOCALIZATION_PREFERS_STRING_CATALOGS = YES;
				MTL_ENABLE_DEBUG_INFO = NO;
				MTL_FAST_MATH = YES;
				SDKROOT = iphoneos;
				SWIFT_COMPILATION_MODE = wholemodule;
				VALIDATE_PRODUCT = YES;
			};
			name = Release;
		};
		F794F1772C5211EC00485CBB /* Debug */ = {
			isa = XCBuildConfiguration;
			buildSettings = {
				ASSETCATALOG_COMPILER_APPICON_NAME = AppIcon;
				ASSETCATALOG_COMPILER_GLOBAL_ACCENT_COLOR_NAME = AccentColor;
				CODE_SIGN_STYLE = Automatic;
				CURRENT_PROJECT_VERSION = 1;
				GENERATE_INFOPLIST_FILE = YES;
				INFOPLIST_FILE = NewsApp/Info.plist;
				INFOPLIST_KEY_UIApplicationSupportsIndirectInputEvents = YES;
				INFOPLIST_KEY_UILaunchStoryboardName = LaunchScreen;
				INFOPLIST_KEY_UIMainStoryboardFile = Main;
				INFOPLIST_KEY_UISupportedInterfaceOrientations_iPad = "UIInterfaceOrientationPortrait UIInterfaceOrientationPortraitUpsideDown UIInterfaceOrientationLandscapeLeft UIInterfaceOrientationLandscapeRight";
				INFOPLIST_KEY_UISupportedInterfaceOrientations_iPhone = "UIInterfaceOrientationPortrait UIInterfaceOrientationLandscapeLeft UIInterfaceOrientationLandscapeRight";
				LD_RUNPATH_SEARCH_PATHS = (
					"$(inherited)",
					"@executable_path/Frameworks",
				);
				MARKETING_VERSION = 1.0;
				PRODUCT_BUNDLE_IDENTIFIER = test.NewsApp;
				PRODUCT_NAME = "$(TARGET_NAME)";
				SWIFT_EMIT_LOC_STRINGS = YES;
				SWIFT_VERSION = 5.0;
				TARGETED_DEVICE_FAMILY = "1,2";
			};
			name = Debug;
		};
		F794F1782C5211EC00485CBB /* Release */ = {
			isa = XCBuildConfiguration;
			buildSettings = {
				ASSETCATALOG_COMPILER_APPICON_NAME = AppIcon;
				ASSETCATALOG_COMPILER_GLOBAL_ACCENT_COLOR_NAME = AccentColor;
				CODE_SIGN_STYLE = Automatic;
				CURRENT_PROJECT_VERSION = 1;
				GENERATE_INFOPLIST_FILE = YES;
				INFOPLIST_FILE = NewsApp/Info.plist;
				INFOPLIST_KEY_UIApplicationSupportsIndirectInputEvents = YES;
				INFOPLIST_KEY_UILaunchStoryboardName = LaunchScreen;
				INFOPLIST_KEY_UIMainStoryboardFile = Main;
				INFOPLIST_KEY_UISupportedInterfaceOrientations_iPad = "UIInterfaceOrientationPortrait UIInterfaceOrientationPortraitUpsideDown UIInterfaceOrientationLandscapeLeft UIInterfaceOrientationLandscapeRight";
				INFOPLIST_KEY_UISupportedInterfaceOrientations_iPhone = "UIInterfaceOrientationPortrait UIInterfaceOrientationLandscapeLeft UIInterfaceOrientationLandscapeRight";
				LD_RUNPATH_SEARCH_PATHS = (
					"$(inherited)",
					"@executable_path/Frameworks",
				);
				MARKETING_VERSION = 1.0;
				PRODUCT_BUNDLE_IDENTIFIER = test.NewsApp;
				PRODUCT_NAME = "$(TARGET_NAME)";
				SWIFT_EMIT_LOC_STRINGS = YES;
				SWIFT_VERSION = 5.0;
				TARGETED_DEVICE_FAMILY = "1,2";
			};
			name = Release;
		};
/* End XCBuildConfiguration section */

/* Begin XCConfigurationList section */
		F794F15A2C5211E900485CBB /* Build configuration list for PBXProject "NewsApp" */ = {
			isa = XCConfigurationList;
			buildConfigurations = (
				F794F1742C5211EC00485CBB /* Debug */,
				F794F1752C5211EC00485CBB /* Release */,
			);
			defaultConfigurationIsVisible = 0;
			defaultConfigurationName = Release;
		};
		F794F1762C5211EC00485CBB /* Build configuration list for PBXNativeTarget "NewsApp" */ = {
			isa = XCConfigurationList;
			buildConfigurations = (
				F794F1772C5211EC00485CBB /* Debug */,
				F794F1782C5211EC00485CBB /* Release */,
			);
			defaultConfigurationIsVisible = 0;
			defaultConfigurationName = Release;
		};
/* End XCConfigurationList section */

/* Begin XCVersionGroup section */
		F794F16B2C5211E900485CBB /* NewsApp.xcdatamodeld */ = {
			isa = XCVersionGroup;
			children = (
				F794F16C2C5211E900485CBB /* NewsApp.xcdatamodel */,
			);
			currentVersion = F794F16C2C5211E900485CBB /* NewsApp.xcdatamodel */;
			path = NewsApp.xcdatamodeld;
			sourceTree = "<group>";
			versionGroupType = wrapper.xcdatamodel;
		};
/* End XCVersionGroup section */
	};
	rootObject = F794F1572C5211E900485CBB /* Project object */;
}
